
Microsoft Visual Studio Solution File, Format Version 12.00
# Visual Studio Version 17
VisualStudioVersion = 17.10.35013.160
MinimumVisualStudioVersion = 10.0.40219.1
Project("{8BC9CEB8-8B4A-11D0-8D11-00A0C91BC942}") = "1. Two Sum", "1. Two Sum.vcxproj", "{61F76BE7-6D8A-4C04-B314-2C4D9D97E3BB}"
EndProject
Global
	GlobalSection(SolutionConfigurationPlatforms) = preSolution
		Debug|x64 = Debug|x64
		Debug|x86 = Debug|x86
		Release|x64 = Release|x64
		Release|x86 = Release|x86
	EndGlobalSection
	GlobalSection(ProjectConfigurationPlatforms) = postSolution
		{61F76BE7-6D8A-4C04-B314-2C4D9D97E3BB}.Debug|x64.ActiveCfg = Debug|x64
		{61F76BE7-6D8A-4C04-B314-2C4D9D97E3BB}.Debug|x64.Build.0 = Debug|x64
		{61F76BE7-6D8A-4C04-B314-2C4D9D97E3BB}.Debug|x86.ActiveCfg = Debug|Win32
		{61F76BE7-6D8A-4C04-B314-2C4D9D97E3BB}.Debug|x86.Build.0 = Debug|Win32
		{61F76BE7-6D8A-4C04-B314-2C4D9D97E3BB}.Release|x64.ActiveCfg = Release|x64
		{61F76BE7-6D8A-4C04-B314-2C4D9D97E3BB}.Release|x64.Build.0 = Release|x64
		{61F76BE7-6D8A-4C04-B314-2C4D9D97E3BB}.Release|x86.ActiveCfg = Release|Win32
		{61F76BE7-6D8A-4C04-B314-2C4D9D97E3BB}.Release|x86.Build.0 = Release|Win32
	EndGlobalSection
	GlobalSection(SolutionProperties) = preSolution
		HideSolutionNode = FALSE
	EndGlobalSection
	GlobalSection(ExtensibilityGlobals) = postSolution
		SolutionGuid = {70658F6E-A9E3-498C-B7C6-E9BCB4994A6F}
	EndGlobalSection
EndGlobal
